<?xml version="1.0" encoding="utf-8"?>
<Project ToolsVersion="4.0" xmlns="http://schemas.microsoft.com/developer/msbuild/2003">
  <ItemGroup>
    <Filter Include="Source Files">
      <UniqueIdentifier>{4FC737F1-C7A5-4376-A066-2A32D752A2FF}</UniqueIdentifier>
      <Extensions>cpp;c;cc;cxx;c++;cppm;ixx;def;odl;idl;hpj;bat;asm;asmx</Extensions>
    </Filter>
    <Filter Include="Header Files">
      <UniqueIdentifier>{93995380-89BD-4b04-88EB-625FBE52EBFB}</UniqueIdentifier>
      <Extensions>h;hh;hpp;hxx;h++;hm;inl;inc;ipp;xsd</Extensions>
    </Filter>
    <Filter Include="Resource Files">
      <UniqueIdentifier>{67DA6AB6-F800-4c08-8B7A-83BB121AAD01}</UniqueIdentifier>
      <Extensions>rc;ico;cur;bmp;dlg;rc2;rct;bin;rgs;gif;jpg;jpeg;jpe;resx;tiff;tif;png;wav;mfcribbon-ms</Extensions>
    </Filter>
  </ItemGroup>
  <ItemGroup>
    <ClCompile Include="main.c">
      <Filter>Source Files</Filter>
    </ClCompile>
    <ClCompile Include="thirdparty\tracy\TracyClient.cpp">
      <Filter>Source Files</Filter>
    </ClCompile>
  </ItemGroup>
  <ItemGroup>
    <ClInclude Include="yo_core.h">
      <Filter>Header Files</Filter>
    </ClInclude>
    <ClInclude Include="colors.h">
      <Filter>Header Files</Filter>
    </ClInclude>
    <ClInclude Include="yo_internal.h">
      <Filter>Header Files</Filter>
    </ClInclude>
    <ClInclude Include="yo_math.h">
      <Filter>Header Files</Filter>
    </ClInclude>
    <ClInclude Include="yo_memory.h">
      <Filter>Header Files</Filter>
    </ClInclude>
    <ClInclude Include="yo_string.h">
      <Filter>Header Files</Filter>
    </ClInclude>
    <ClInclude Include="yo_widgets.h">
      <Filter>Header Files</Filter>
    </ClInclude>
    <ClInclude Include="yo_atlas.h">
      <Filter>Header Files</Filter>
    </ClInclude>
    <ClInclude Include="yo_svg.h">
      <Filter>Header Files</Filter>
    </ClInclude>
    <ClInclude Include="yo_atlas.c">
      <Filter>Header Files</Filter>
    </ClInclude>
    <ClInclude Include="yo_svg.c">
      <Filter>Header Files</Filter>
    </ClInclude>
    <ClInclude Include="yo_widgets.c">
      <Filter>Header Files</Filter>
    </ClInclude>
    <ClInclude Include="yo_memory.c">
      <Filter>Header Files</Filter>
    </ClInclude>
    <ClInclude Include="yo_styles.h">
      <Filter>Header Files</Filter>
    </ClInclude>
    <ClInclude Include="yo_string.c">
      <Filter>Header Files</Filter>
    </ClInclude>
    <ClInclude Include="impl\yo_backend_opengl.h">
      <Filter>Header Files</Filter>
    </ClInclude>
    <ClInclude Include="impl\yo_backend_opengl.c">
      <Filter>Header Files</Filter>
    </ClInclude>
    <ClInclude Include="yo.h">
      <Filter>Header Files</Filter>
    </ClInclude>
    <ClInclude Include="yo_core.c">
      <Filter>Header Files</Filter>
    </ClInclude>
    <ClInclude Include="yo_demo.h">
      <Filter>Header Files</Filter>
    </ClInclude>
    <ClInclude Include="yo_demo.c">
      <Filter>Header Files</Filter>
    </ClInclude>
    <ClInclude Include="impl\yo_platform_win32.h">
      <Filter>Header Files</Filter>
    </ClInclude>
    <ClInclude Include="impl\yo_platform_win32.c">
      <Filter>Header Files</Filter>
    </ClInclude>
    <ClInclude Include="impl\yo_backend_gdi.h">
      <Filter>Header Files</Filter>
    </ClInclude>
    <ClInclude Include="impl\yo_backend_gdi.c">
      <Filter>Header Files</Filter>
    </ClInclude>
    <ClInclude Include="impl\yo_impl_win32_gdi.h">
      <Filter>Header Files</Filter>
    </ClInclude>
    <ClInclude Include="impl\yo_impl_win32_gdi.c">
      <Filter>Header Files</Filter>
    </ClInclude>
    <ClInclude Include="yo_font_backend.h">
      <Filter>Header Files</Filter>
    </ClInclude>
    <ClInclude Include="yo.c">
      <Filter>Header Files</Filter>
    </ClInclude>
    <ClInclude Include="yo_font_backend_freetype.c">
      <Filter>Header Files</Filter>
    </ClInclude>
    <ClInclude Include="yo_font_backend_stb.h">
      <Filter>Header Files</Filter>
    </ClInclude>
    <ClInclude Include="yo_font_data.h">
      <Filter>Header Files</Filter>
    </ClInclude>
    <ClInclude Include="yo_font_backend_stb.c">
      <Filter>Header Files</Filter>
    </ClInclude>
    <ClInclude Include="yo_font_backend_freetype.h">
      <Filter>Header Files</Filter>
    </ClInclude>
    <ClInclude Include="yo_file.h">
      <Filter>Header Files</Filter>
    </ClInclude>
    <ClInclude Include="yo_file.c">
      <Filter>Header Files</Filter>
    </ClInclude>
    <ClInclude Include="yo_font.h">
      <Filter>Header Files</Filter>
    </ClInclude>
    <ClInclude Include="yo_font.c">
      <Filter>Header Files</Filter>
    </ClInclude>
  </ItemGroup>
  <ItemGroup>
    <None Include="cpp.hint" />
    <None Include="impl\yo_opengl_fs.glsl" />
    <None Include="impl\yo_opengl_vs.glsl" />
  </ItemGroup>
</Project>